
Microsoft Visual Studio Solution File, Format Version 12.00
Project("{FAE04EC0-301F-11D3-BF4B-00C04F79EFBC}") = "API", "API\API.csproj", "{319D211A-6272-4900-A156-A3B85348B1BB}"
EndProject
Project("{FAE04EC0-301F-11D3-BF4B-00C04F79EFBC}") = "FileScanWorker", "FileScanWorker\FileScanWorker.csproj", "{1299BB1B-25DB-4568-A548-1E490FD15F72}"
EndProject
Project("{FAE04EC0-301F-11D3-BF4B-00C04F79EFBC}") = "BlazorServerUI", "BlazorServerUI\BlazorServerUI.csproj", "{37F64CC9-1817-481B-8675-1F73F362FE87}"
EndProject
Project("{FAE04EC0-301F-11D3-BF4B-00C04F79EFBC}") = "Domain", "Domain\Domain.csproj", "{BB351762-CB4D-4037-8FAE-60BDC112A6FC}"
EndProject
Project("{FAE04EC0-301F-11D3-BF4B-00C04F79EFBC}") = "ScanFileApi", "ScanFileApi\ScanFileApi.csproj", "{F49DACAB-6CE1-49DD-9F90-FB95BB4B5433}"
EndProject
Global
	GlobalSection(SolutionConfigurationPlatforms) = preSolution
		Debug|Any CPU = Debug|Any CPU
		Release|Any CPU = Release|Any CPU
	EndGlobalSection
	GlobalSection(ProjectConfigurationPlatforms) = postSolution
		{319D211A-6272-4900-A156-A3B85348B1BB}.Debug|Any CPU.ActiveCfg = Debug|Any CPU
		{319D211A-6272-4900-A156-A3B85348B1BB}.Debug|Any CPU.Build.0 = Debug|Any CPU
		{319D211A-6272-4900-A156-A3B85348B1BB}.Release|Any CPU.ActiveCfg = Release|Any CPU
		{319D211A-6272-4900-A156-A3B85348B1BB}.Release|Any CPU.Build.0 = Release|Any CPU
		{1299BB1B-25DB-4568-A548-1E490FD15F72}.Debug|Any CPU.ActiveCfg = Debug|Any CPU
		{1299BB1B-25DB-4568-A548-1E490FD15F72}.Debug|Any CPU.Build.0 = Debug|Any CPU
		{1299BB1B-25DB-4568-A548-1E490FD15F72}.Release|Any CPU.ActiveCfg = Release|Any CPU
		{1299BB1B-25DB-4568-A548-1E490FD15F72}.Release|Any CPU.Build.0 = Release|Any CPU
		{37F64CC9-1817-481B-8675-1F73F362FE87}.Debug|Any CPU.ActiveCfg = Debug|Any CPU
		{37F64CC9-1817-481B-8675-1F73F362FE87}.Debug|Any CPU.Build.0 = Debug|Any CPU
		{37F64CC9-1817-481B-8675-1F73F362FE87}.Release|Any CPU.ActiveCfg = Release|Any CPU
		{37F64CC9-1817-481B-8675-1F73F362FE87}.Release|Any CPU.Build.0 = Release|Any CPU
		{BB351762-CB4D-4037-8FAE-60BDC112A6FC}.Debug|Any CPU.ActiveCfg = Debug|Any CPU
		{BB351762-CB4D-4037-8FAE-60BDC112A6FC}.Debug|Any CPU.Build.0 = Debug|Any CPU
		{BB351762-CB4D-4037-8FAE-60BDC112A6FC}.Release|Any CPU.ActiveCfg = Release|Any CPU
		{BB351762-CB4D-4037-8FAE-60BDC112A6FC}.Release|Any CPU.Build.0 = Release|Any CPU
		{F49DACAB-6CE1-49DD-9F90-FB95BB4B5433}.Debug|Any CPU.ActiveCfg = Debug|Any CPU
		{F49DACAB-6CE1-49DD-9F90-FB95BB4B5433}.Debug|Any CPU.Build.0 = Debug|Any CPU
		{F49DACAB-6CE1-49DD-9F90-FB95BB4B5433}.Release|Any CPU.ActiveCfg = Release|Any CPU
		{F49DACAB-6CE1-49DD-9F90-FB95BB4B5433}.Release|Any CPU.Build.0 = Release|Any CPU
	EndGlobalSection
EndGlobal
